{
  "pins" : [
    {
      "identity" : "weather",
      "kind" : "remoteSourceControl",
      "location" : "https://github.com/AlessandroLima/Weather/",
      "state" : {
        "branch" : "main",
        "revision" : "24e0b87c712e12b5d2ba2181c710520fce653453"
      }
    }
  ],
  "version" : 2
}
