{
  "pins" : [
    {
      "identity" : "weather",
      "kind" : "remoteSourceControl",
      "location" : "https://github.com/AlessandroLima/Weather/",
      "state" : {
        "branch" : "main",
        "revision" : "d4f87829cd28f7bf9cbd69ce751aa05022303051"
      }
    }
  ],
  "version" : 2
}
