// !$*UTF8*$!
{
	archiveVersion = 1;
	classes = {
	};
	objectVersion = 56;
	objects = {

/* Begin PBXBuildFile section */
		D250AE012BADC7E500D56801 /* WeatherFramework.docc in Sources */ = {isa = PBXBuildFile; fileRef = D250AE002BADC7E500D56801 /* WeatherFramework.docc */; };
		D250AE072BADC7E600D56801 /* WeatherFramework.framework in Frameworks */ = {isa = PBXBuildFile; fileRef = D250ADFC2BADC7E500D56801 /* WeatherFramework.framework */; };
		D250AE0C2BADC7E600D56801 /* WeatherFrameworkTests.swift in Sources */ = {isa = PBXBuildFile; fileRef = D250AE0B2BADC7E600D56801 /* WeatherFrameworkTests.swift */; };
		D250AE0D2BADC7E600D56801 /* WeatherFramework.h in Headers */ = {isa = PBXBuildFile; fileRef = D250ADFF2BADC7E500D56801 /* WeatherFramework.h */; settings = {ATTRIBUTES = (Public, ); }; };
/* End PBXBuildFile section */

/* Begin PBXContainerItemProxy section */
		D250AE082BADC7E600D56801 /* PBXContainerItemProxy */ = {
			isa = PBXContainerItemProxy;
			containerPortal = D250ADF32BADC7E500D56801 /* Project object */;
			proxyType = 1;
			remoteGlobalIDString = D250ADFB2BADC7E500D56801;
			remoteInfo = WeatherFramework;
		};
/* End PBXContainerItemProxy section */

/* Begin PBXFileReference section */
		D250ADFC2BADC7E500D56801 /* WeatherFramework.framework */ = {isa = PBXFileReference; explicitFileType = wrapper.framework; includeInIndex = 0; path = WeatherFramework.framework; sourceTree = BUILT_PRODUCTS_DIR; };
		D250ADFF2BADC7E500D56801 /* WeatherFramework.h */ = {isa = PBXFileReference; lastKnownFileType = sourcecode.c.h; path = WeatherFramework.h; sourceTree = "<group>"; };
		D250AE002BADC7E500D56801 /* WeatherFramework.docc */ = {isa = PBXFileReference; lastKnownFileType = folder.documentationcatalog; path = WeatherFramework.docc; sourceTree = "<group>"; };
		D250AE062BADC7E600D56801 /* WeatherFrameworkTests.xctest */ = {isa = PBXFileReference; explicitFileType = wrapper.cfbundle; includeInIndex = 0; path = WeatherFrameworkTests.xctest; sourceTree = BUILT_PRODUCTS_DIR; };
		D250AE0B2BADC7E600D56801 /* WeatherFrameworkTests.swift */ = {isa = PBXFileReference; lastKnownFileType = sourcecode.swift; path = WeatherFrameworkTests.swift; sourceTree = "<group>"; };
/* End PBXFileReference section */

/* Begin PBXFrameworksBuildPhase section */
		D250ADF92BADC7E500D56801 /* Frameworks */ = {
			isa = PBXFrameworksBuildPhase;
			buildActionMask = 2147483647;
			files = (
			);
			runOnlyForDeploymentPostprocessing = 0;
		};
		D250AE032BADC7E600D56801 /* Frameworks */ = {
			isa = PBXFrameworksBuildPhase;
			buildActionMask = 2147483647;
			files = (
				D250AE072BADC7E600D56801 /* WeatherFramework.framework in Frameworks */,
			);
			runOnlyForDeploymentPostprocessing = 0;
		};
/* End PBXFrameworksBuildPhase section */

/* Begin PBXGroup section */
		D250ADF22BADC7E500D56801 = {
			isa = PBXGroup;
			children = (
				D250ADFE2BADC7E500D56801 /* WeatherFramework */,
				D250AE0A2BADC7E600D56801 /* WeatherFrameworkTests */,
				D250ADFD2BADC7E500D56801 /* Products */,
			);
			sourceTree = "<group>";
		};
		D250ADFD2BADC7E500D56801 /* Products */ = {
			isa = PBXGroup;
			children = (
				D250ADFC2BADC7E500D56801 /* WeatherFramework.framework */,
				D250AE062BADC7E600D56801 /* WeatherFrameworkTests.xctest */,
			);
			name = Products;
			sourceTree = "<group>";
		};
		D250ADFE2BADC7E500D56801 /* WeatherFramework */ = {
			isa = PBXGroup;
			children = (
				D250ADFF2BADC7E500D56801 /* WeatherFramework.h */,
				D250AE002BADC7E500D56801 /* WeatherFramework.docc */,
			);
			path = WeatherFramework;
			sourceTree = "<group>";
		};
		D250AE0A2BADC7E600D56801 /* WeatherFrameworkTests */ = {
			isa = PBXGroup;
			children = (
				D250AE0B2BADC7E600D56801 /* WeatherFrameworkTests.swift */,
			);
			path = WeatherFrameworkTests;
			sourceTree = "<group>";
		};
/* End PBXGroup section */

/* Begin PBXHeadersBuildPhase section */
		D250ADF72BADC7E500D56801 /* Headers */ = {
			isa = PBXHeadersBuildPhase;
			buildActionMask = 2147483647;
			files = (
				D250AE0D2BADC7E600D56801 /* WeatherFramework.h in Headers */,
			);
			runOnlyForDeploymentPostprocessing = 0;
		};
/* End PBXHeadersBuildPhase section */

/* Begin PBXNativeTarget section */
		D250ADFB2BADC7E500D56801 /* WeatherFramework */ = {
			isa = PBXNativeTarget;
			buildConfigurationList = D250AE102BADC7E600D56801 /* Build configuration list for PBXNativeTarget "WeatherFramework" */;
			buildPhases = (
				D250ADF72BADC7E500D56801 /* Headers */,
				D250ADF82BADC7E500D56801 /* Sources */,
				D250ADF92BADC7E500D56801 /* Frameworks */,
				D250ADFA2BADC7E500D56801 /* Resources */,
			);
			buildRules = (
			);
			dependencies = (
			);
			name = WeatherFramework;
			productName = WeatherFramework;
			productReference = D250ADFC2BADC7E500D56801 /* WeatherFramework.framework */;
			productType = "com.apple.product-type.framework";
		};
		D250AE052BADC7E600D56801 /* WeatherFrameworkTests */ = {
			isa = PBXNativeTarget;
			buildConfigurationList = D250AE132BADC7E600D56801 /* Build configuration list for PBXNativeTarget "WeatherFrameworkTests" */;
			buildPhases = (
				D250AE022BADC7E600D56801 /* Sources */,
				D250AE032BADC7E600D56801 /* Frameworks */,
				D250AE042BADC7E600D56801 /* Resources */,
			);
			buildRules = (
			);
			dependencies = (
				D250AE092BADC7E600D56801 /* PBXTargetDependency */,
			);
			name = WeatherFrameworkTests;
			productName = WeatherFrameworkTests;
			productReference = D250AE062BADC7E600D56801 /* WeatherFrameworkTests.xctest */;
			productType = "com.apple.product-type.bundle.unit-test";
		};
/* End PBXNativeTarget section */

/* Begin PBXProject section */
		D250ADF32BADC7E500D56801 /* Project object */ = {
			isa = PBXProject;
			attributes = {
				BuildIndependentTargetsInParallel = 1;
				LastSwiftUpdateCheck = 1420;
				LastUpgradeCheck = 1420;
				TargetAttributes = {
					D250ADFB2BADC7E500D56801 = {
						CreatedOnToolsVersion = 14.2;
					};
					D250AE052BADC7E600D56801 = {
						CreatedOnToolsVersion = 14.2;
					};
				};
			};
			buildConfigurationList = D250ADF62BADC7E500D56801 /* Build configuration list for PBXProject "WeatherFramework" */;
			compatibilityVersion = "Xcode 14.0";
			developmentRegion = en;
			hasScannedForEncodings = 0;
			knownRegions = (
				en,
				Base,
			);
			mainGroup = D250ADF22BADC7E500D56801;
			productRefGroup = D250ADFD2BADC7E500D56801 /* Products */;
			projectDirPath = "";
			projectRoot = "";
			targets = (
				D250ADFB2BADC7E500D56801 /* WeatherFramework */,
				D250AE052BADC7E600D56801 /* WeatherFrameworkTests */,
			);
		};
/* End PBXProject section */

/* Begin PBXResourcesBuildPhase section */
		D250ADFA2BADC7E500D56801 /* Resources */ = {
			isa = PBXResourcesBuildPhase;
			buildActionMask = 2147483647;
			files = (
			);
			runOnlyForDeploymentPostprocessing = 0;
		};
		D250AE042BADC7E600D56801 /* Resources */ = {
			isa = PBXResourcesBuildPhase;
			buildActionMask = 2147483647;
			files = (
			);
			runOnlyForDeploymentPostprocessing = 0;
		};
/* End PBXResourcesBuildPhase section */

/* Begin PBXSourcesBuildPhase section */
		D250ADF82BADC7E500D56801 /* Sources */ = {
			isa = PBXSourcesBuildPhase;
			buildActionMask = 2147483647;
			files = (
				D250AE012BADC7E500D56801 /* WeatherFramework.docc in Sources */,
			);
			runOnlyForDeploymentPostprocessing = 0;
		};
		D250AE022BADC7E600D56801 /* Sources */ = {
			isa = PBXSourcesBuildPhase;
			buildActionMask = 2147483647;
			files = (
				D250AE0C2BADC7E600D56801 /* WeatherFrameworkTests.swift in Sources */,
			);
			runOnlyForDeploymentPostprocessing = 0;
		};
/* End PBXSourcesBuildPhase section */

/* Begin PBXTargetDependency section */
		D250AE092BADC7E600D56801 /* PBXTargetDependency */ = {
			isa = PBXTargetDependency;
			target = D250ADFB2BADC7E500D56801 /* WeatherFramework */;
			targetProxy = D250AE082BADC7E600D56801 /* PBXContainerItemProxy */;
		};
/* End PBXTargetDependency section */

/* Begin XCBuildConfiguration section */
		D250AE0E2BADC7E600D56801 /* Debug */ = {
			isa = XCBuildConfiguration;
			buildSettings = {
				ALWAYS_SEARCH_USER_PATHS = NO;
				CLANG_ANALYZER_NONNULL = YES;
				CLANG_ANALYZER_NUMBER_OBJECT_CONVERSION = YES_AGGRESSIVE;
				CLANG_CXX_LANGUAGE_STANDARD = "gnu++20";
				CLANG_ENABLE_MODULES = YES;
				CLANG_ENABLE_OBJC_ARC = YES;
				CLANG_ENABLE_OBJC_WEAK = YES;
				CLANG_WARN_BLOCK_CAPTURE_AUTORELEASING = YES;
				CLANG_WARN_BOOL_CONVERSION = YES;
				CLANG_WARN_COMMA = YES;
				CLANG_WARN_CONSTANT_CONVERSION = YES;
				CLANG_WARN_DEPRECATED_OBJC_IMPLEMENTATIONS = YES;
				CLANG_WARN_DIRECT_OBJC_ISA_USAGE = YES_ERROR;
				CLANG_WARN_DOCUMENTATION_COMMENTS = YES;
				CLANG_WARN_EMPTY_BODY = YES;
				CLANG_WARN_ENUM_CONVERSION = YES;
				CLANG_WARN_INFINITE_RECURSION = YES;
				CLANG_WARN_INT_CONVERSION = YES;
				CLANG_WARN_NON_LITERAL_NULL_CONVERSION = YES;
				CLANG_WARN_OBJC_IMPLICIT_RETAIN_SELF = YES;
				CLANG_WARN_OBJC_LITERAL_CONVERSION = YES;
				CLANG_WARN_OBJC_ROOT_CLASS = YES_ERROR;
				CLANG_WARN_QUOTED_INCLUDE_IN_FRAMEWORK_HEADER = YES;
				CLANG_WARN_RANGE_LOOP_ANALYSIS = YES;
				CLANG_WARN_STRICT_PROTOTYPES = YES;
				CLANG_WARN_SUSPICIOUS_MOVE = YES;
				CLANG_WARN_UNGUARDED_AVAILABILITY = YES_AGGRESSIVE;
				CLANG_WARN_UNREACHABLE_CODE = YES;
				CLANG_WARN__DUPLICATE_METHOD_MATCH = YES;
				COPY_PHASE_STRIP = NO;
				CURRENT_PROJECT_VERSION = 1;
				DEBUG_INFORMATION_FORMAT = dwarf;
				ENABLE_STRICT_OBJC_MSGSEND = YES;
				ENABLE_TESTABILITY = YES;
				GCC_C_LANGUAGE_STANDARD = gnu11;
				GCC_DYNAMIC_NO_PIC = NO;
				GCC_NO_COMMON_BLOCKS = YES;
				GCC_OPTIMIZATION_LEVEL = 0;
				GCC_PREPROCESSOR_DEFINITIONS = (
					"DEBUG=1",
					"$(inherited)",
				);
				GCC_WARN_64_TO_32_BIT_CONVERSION = YES;
				GCC_WARN_ABOUT_RETURN_TYPE = YES_ERROR;
				GCC_WARN_UNDECLARED_SELECTOR = YES;
				GCC_WARN_UNINITIALIZED_AUTOS = YES_AGGRESSIVE;
				GCC_WARN_UNUSED_FUNCTION = YES;
				GCC_WARN_UNUSED_VARIABLE = YES;
				IPHONEOS_DEPLOYMENT_TARGET = 16.2;
				MTL_ENABLE_DEBUG_INFO = INCLUDE_SOURCE;
				MTL_FAST_MATH = YES;
				ONLY_ACTIVE_ARCH = YES;
				SDKROOT = iphoneos;
				SWIFT_ACTIVE_COMPILATION_CONDITIONS = DEBUG;
				SWIFT_OPTIMIZATION_LEVEL = "-Onone";
				VERSIONING_SYSTEM = "apple-generic";
				VERSION_INFO_PREFIX = "";
			};
			name = Debug;
		};
		D250AE0F2BADC7E600D56801 /* Release */ = {
			isa = XCBuildConfiguration;
			buildSettings = {
				ALWAYS_SEARCH_USER_PATHS = NO;
				CLANG_ANALYZER_NONNULL = YES;
				CLANG_ANALYZER_NUMBER_OBJECT_CONVERSION = YES_AGGRESSIVE;
				CLANG_CXX_LANGUAGE_STANDARD = "gnu++20";
				CLANG_ENABLE_MODULES = YES;
				CLANG_ENABLE_OBJC_ARC = YES;
				CLANG_ENABLE_OBJC_WEAK = YES;
				CLANG_WARN_BLOCK_CAPTURE_AUTORELEASING = YES;
				CLANG_WARN_BOOL_CONVERSION = YES;
				CLANG_WARN_COMMA = YES;
				CLANG_WARN_CONSTANT_CONVERSION = YES;
				CLANG_WARN_DEPRECATED_OBJC_IMPLEMENTATIONS = YES;
				CLANG_WARN_DIRECT_OBJC_ISA_USAGE = YES_ERROR;
				CLANG_WARN_DOCUMENTATION_COMMENTS = YES;
				CLANG_WARN_EMPTY_BODY = YES;
				CLANG_WARN_ENUM_CONVERSION = YES;
				CLANG_WARN_INFINITE_RECURSION = YES;
				CLANG_WARN_INT_CONVERSION = YES;
				CLANG_WARN_NON_LITERAL_NULL_CONVERSION = YES;
				CLANG_WARN_OBJC_IMPLICIT_RETAIN_SELF = YES;
				CLANG_WARN_OBJC_LITERAL_CONVERSION = YES;
				CLANG_WARN_OBJC_ROOT_CLASS = YES_ERROR;
				CLANG_WARN_QUOTED_INCLUDE_IN_FRAMEWORK_HEADER = YES;
				CLANG_WARN_RANGE_LOOP_ANALYSIS = YES;
				CLANG_WARN_STRICT_PROTOTYPES = YES;
				CLANG_WARN_SUSPICIOUS_MOVE = YES;
				CLANG_WARN_UNGUARDED_AVAILABILITY = YES_AGGRESSIVE;
				CLANG_WARN_UNREACHABLE_CODE = YES;
				CLANG_WARN__DUPLICATE_METHOD_MATCH = YES;
				COPY_PHASE_STRIP = NO;
				CURRENT_PROJECT_VERSION = 1;
				DEBUG_INFORMATION_FORMAT = "dwarf-with-dsym";
				ENABLE_NS_ASSERTIONS = NO;
				ENABLE_STRICT_OBJC_MSGSEND = YES;
				GCC_C_LANGUAGE_STANDARD = gnu11;
				GCC_NO_COMMON_BLOCKS = YES;
				GCC_WARN_64_TO_32_BIT_CONVERSION = YES;
				GCC_WARN_ABOUT_RETURN_TYPE = YES_ERROR;
				GCC_WARN_UNDECLARED_SELECTOR = YES;
				GCC_WARN_UNINITIALIZED_AUTOS = YES_AGGRESSIVE;
				GCC_WARN_UNUSED_FUNCTION = YES;
				GCC_WARN_UNUSED_VARIABLE = YES;
				IPHONEOS_DEPLOYMENT_TARGET = 16.2;
				MTL_ENABLE_DEBUG_INFO = NO;
				MTL_FAST_MATH = YES;
				SDKROOT = iphoneos;
				SWIFT_COMPILATION_MODE = wholemodule;
				SWIFT_OPTIMIZATION_LEVEL = "-O";
				VALIDATE_PRODUCT = YES;
				VERSIONING_SYSTEM = "apple-generic";
				VERSION_INFO_PREFIX = "";
			};
			name = Release;
		};
		D250AE112BADC7E600D56801 /* Debug */ = {
			isa = XCBuildConfiguration;
			buildSettings = {
				BUILD_LIBRARY_FOR_DISTRIBUTION = YES;
				CODE_SIGN_STYLE = Automatic;
				CURRENT_PROJECT_VERSION = 1;
				DEFINES_MODULE = YES;
				DEVELOPMENT_TEAM = 6G8JULRZR4;
				DYLIB_COMPATIBILITY_VERSION = 1;
				DYLIB_CURRENT_VERSION = 1;
				DYLIB_INSTALL_NAME_BASE = "@rpath";
				GENERATE_INFOPLIST_FILE = YES;
				INFOPLIST_KEY_NSHumanReadableCopyright = "";
				INSTALL_PATH = "$(LOCAL_LIBRARY_DIR)/Frameworks";
				IPHONEOS_DEPLOYMENT_TARGET = 15.0;
				LD_RUNPATH_SEARCH_PATHS = (
					"$(inherited)",
					"@executable_path/Frameworks",
					"@loader_path/Frameworks",
				);
				MARKETING_VERSION = 1.0;
				PRODUCT_BUNDLE_IDENTIFIER = br.com.aletlima.WeatherFramework;
				PRODUCT_NAME = "$(TARGET_NAME:c99extidentifier)";
				SKIP_INSTALL = YES;
				SUPPORTED_PLATFORMS = "iphoneos iphonesimulator";
				SUPPORTS_MACCATALYST = NO;
				SUPPORTS_MAC_DESIGNED_FOR_IPHONE_IPAD = NO;
				SWIFT_EMIT_LOC_STRINGS = YES;
				SWIFT_VERSION = 5.0;
				TARGETED_DEVICE_FAMILY = "1,2";
			};
			name = Debug;
		};
		D250AE122BADC7E600D56801 /* Release */ = {
			isa = XCBuildConfiguration;
			buildSettings = {
				BUILD_LIBRARY_FOR_DISTRIBUTION = YES;
				CODE_SIGN_STYLE = Automatic;
				CURRENT_PROJECT_VERSION = 1;
				DEFINES_MODULE = YES;
				DEVELOPMENT_TEAM = 6G8JULRZR4;
				DYLIB_COMPATIBILITY_VERSION = 1;
				DYLIB_CURRENT_VERSION = 1;
				DYLIB_INSTALL_NAME_BASE = "@rpath";
				GENERATE_INFOPLIST_FILE = YES;
				INFOPLIST_KEY_NSHumanReadableCopyright = "";
				INSTALL_PATH = "$(LOCAL_LIBRARY_DIR)/Frameworks";
				IPHONEOS_DEPLOYMENT_TARGET = 15.0;
				LD_RUNPATH_SEARCH_PATHS = (
					"$(inherited)",
					"@executable_path/Frameworks",
					"@loader_path/Frameworks",
				);
				MARKETING_VERSION = 1.0;
				PRODUCT_BUNDLE_IDENTIFIER = br.com.aletlima.WeatherFramework;
				PRODUCT_NAME = "$(TARGET_NAME:c99extidentifier)";
				SKIP_INSTALL = YES;
				SUPPORTED_PLATFORMS = "iphoneos iphonesimulator";
				SUPPORTS_MACCATALYST = NO;
				SUPPORTS_MAC_DESIGNED_FOR_IPHONE_IPAD = NO;
				SWIFT_EMIT_LOC_STRINGS = YES;
				SWIFT_VERSION = 5.0;
				TARGETED_DEVICE_FAMILY = "1,2";
			};
			name = Release;
		};
		D250AE142BADC7E600D56801 /* Debug */ = {
			isa = XCBuildConfiguration;
			buildSettings = {
				CODE_SIGN_STYLE = Automatic;
				CURRENT_PROJECT_VERSION = 1;
				DEVELOPMENT_TEAM = 6G8JULRZR4;
				GENERATE_INFOPLIST_FILE = YES;
				MARKETING_VERSION = 1.0;
				PRODUCT_BUNDLE_IDENTIFIER = br.com.aletlima.WeatherFrameworkTests;
				PRODUCT_NAME = "$(TARGET_NAME)";
				SWIFT_EMIT_LOC_STRINGS = NO;
				SWIFT_VERSION = 5.0;
				TARGETED_DEVICE_FAMILY = "1,2";
			};
			name = Debug;
		};
		D250AE152BADC7E600D56801 /* Release */ = {
			isa = XCBuildConfiguration;
			buildSettings = {
				CODE_SIGN_STYLE = Automatic;
				CURRENT_PROJECT_VERSION = 1;
				DEVELOPMENT_TEAM = 6G8JULRZR4;
				GENERATE_INFOPLIST_FILE = YES;
				MARKETING_VERSION = 1.0;
				PRODUCT_BUNDLE_IDENTIFIER = br.com.aletlima.WeatherFrameworkTests;
				PRODUCT_NAME = "$(TARGET_NAME)";
				SWIFT_EMIT_LOC_STRINGS = NO;
				SWIFT_VERSION = 5.0;
				TARGETED_DEVICE_FAMILY = "1,2";
			};
			name = Release;
		};
/* End XCBuildConfiguration section */

/* Begin XCConfigurationList section */
		D250ADF62BADC7E500D56801 /* Build configuration list for PBXProject "WeatherFramework" */ = {
			isa = XCConfigurationList;
			buildConfigurations = (
				D250AE0E2BADC7E600D56801 /* Debug */,
				D250AE0F2BADC7E600D56801 /* Release */,
			);
			defaultConfigurationIsVisible = 0;
			defaultConfigurationName = Release;
		};
		D250AE102BADC7E600D56801 /* Build configuration list for PBXNativeTarget "WeatherFramework" */ = {
			isa = XCConfigurationList;
			buildConfigurations = (
				D250AE112BADC7E600D56801 /* Debug */,
				D250AE122BADC7E600D56801 /* Release */,
			);
			defaultConfigurationIsVisible = 0;
			defaultConfigurationName = Release;
		};
		D250AE132BADC7E600D56801 /* Build configuration list for PBXNativeTarget "WeatherFrameworkTests" */ = {
			isa = XCConfigurationList;
			buildConfigurations = (
				D250AE142BADC7E600D56801 /* Debug */,
				D250AE152BADC7E600D56801 /* Release */,
			);
			defaultConfigurationIsVisible = 0;
			defaultConfigurationName = Release;
		};
/* End XCConfigurationList section */
	};
	rootObject = D250ADF32BADC7E500D56801 /* Project object */;
}
